
Microsoft Visual Studio Solution File, Format Version 12.00
# Visual Studio Version 17
VisualStudioVersion = 17.3.32901.215
MinimumVisualStudioVersion = 10.0.40219.1
Project("{FAE04EC0-301F-11D3-BF4B-00C04F79EFBC}") = "prySosaPOO", "prySosaPOO.csproj", "{0531DAF1-4891-454C-BEF8-4A5F0CA83B76}"
EndProject
Global
	GlobalSection(SolutionConfigurationPlatforms) = preSolution
		Debug|Any CPU = Debug|Any CPU
		Release|Any CPU = Release|Any CPU
	EndGlobalSection
	GlobalSection(ProjectConfigurationPlatforms) = postSolution
		{0531DAF1-4891-454C-BEF8-4A5F0CA83B76}.Debug|Any CPU.ActiveCfg = Debug|Any CPU
		{0531DAF1-4891-454C-BEF8-4A5F0CA83B76}.Debug|Any CPU.Build.0 = Debug|Any CPU
		{0531DAF1-4891-454C-BEF8-4A5F0CA83B76}.Release|Any CPU.ActiveCfg = Release|Any CPU
		{0531DAF1-4891-454C-BEF8-4A5F0CA83B76}.Release|Any CPU.Build.0 = Release|Any CPU
	EndGlobalSection
	GlobalSection(SolutionProperties) = preSolution
		HideSolutionNode = FALSE
	EndGlobalSection
	GlobalSection(ExtensibilityGlobals) = postSolution
		SolutionGuid = {5792B331-DACD-46ED-81A4-8552023BB0A1}
	EndGlobalSection
EndGlobal
